
Microsoft Visual Studio Solution File, Format Version 12.00
# Visual Studio 2013
VisualStudioVersion = 12.0.21005.1
MinimumVisualStudioVersion = 10.0.40219.1
Project("{FAE04EC0-301F-11D3-BF4B-00C04F79EFBC}") = "WinFormsEditExampleCS VS2010", "WinFormsEditExampleCS VS2010.csproj", "{8C3B8A85-360E-41CD-AF23-37C62A1C8292}"
EndProject
Project("{FAE04EC0-301F-11D3-BF4B-00C04F79EFBC}") = "FishingNetDesigner", "..\FishingNetDesigner\FishingNetDesigner.csproj", "{8219F265-CAF9-4DA7-9788-5AECF7EC5A4D}"
EndProject
Global
	GlobalSection(SolutionConfigurationPlatforms) = preSolution
		Debug|Any CPU = Debug|Any CPU
		Release|Any CPU = Release|Any CPU
	EndGlobalSection
	GlobalSection(ProjectConfigurationPlatforms) = postSolution
		{8C3B8A85-360E-41CD-AF23-37C62A1C8292}.Debug|Any CPU.ActiveCfg = Debug|Any CPU
		{8C3B8A85-360E-41CD-AF23-37C62A1C8292}.Debug|Any CPU.Build.0 = Debug|Any CPU
		{8C3B8A85-360E-41CD-AF23-37C62A1C8292}.Release|Any CPU.ActiveCfg = Release|Any CPU
		{8C3B8A85-360E-41CD-AF23-37C62A1C8292}.Release|Any CPU.Build.0 = Release|Any CPU
		{8219F265-CAF9-4DA7-9788-5AECF7EC5A4D}.Debug|Any CPU.ActiveCfg = Debug|Any CPU
		{8219F265-CAF9-4DA7-9788-5AECF7EC5A4D}.Debug|Any CPU.Build.0 = Debug|Any CPU
		{8219F265-CAF9-4DA7-9788-5AECF7EC5A4D}.Release|Any CPU.ActiveCfg = Release|Any CPU
		{8219F265-CAF9-4DA7-9788-5AECF7EC5A4D}.Release|Any CPU.Build.0 = Release|Any CPU
	EndGlobalSection
	GlobalSection(SolutionProperties) = preSolution
		HideSolutionNode = FALSE
	EndGlobalSection
EndGlobal
